
Microsoft Visual Studio Solution File, Format Version 12.00
# Visual Studio 15
VisualStudioVersion = 15.0.27130.0
MinimumVisualStudioVersion = 10.0.40219.1
Project("{9A19103F-16F7-4668-BE54-9A1E7A4F7556}") = "ValidationFramework", "ValidationFramework\ValidationFramework.csproj", "{C73A73BF-208F-47E9-8DC2-3EC77CD7A6A4}"
EndProject
Project("{9A19103F-16F7-4668-BE54-9A1E7A4F7556}") = "ValidationFramework.Tests", "ValidationFramework.Tests\ValidationFramework.Tests.csproj", "{26E9CE92-1CE8-480E-9622-8F0A1C0FB186}"
EndProject
Global
	GlobalSection(SolutionConfigurationPlatforms) = preSolution
		Debug|Any CPU = Debug|Any CPU
		Release|Any CPU = Release|Any CPU
	EndGlobalSection
	GlobalSection(ProjectConfigurationPlatforms) = postSolution
		{C73A73BF-208F-47E9-8DC2-3EC77CD7A6A4}.Debug|Any CPU.ActiveCfg = Debug|Any CPU
		{C73A73BF-208F-47E9-8DC2-3EC77CD7A6A4}.Debug|Any CPU.Build.0 = Debug|Any CPU
		{C73A73BF-208F-47E9-8DC2-3EC77CD7A6A4}.Release|Any CPU.ActiveCfg = Release|Any CPU
		{C73A73BF-208F-47E9-8DC2-3EC77CD7A6A4}.Release|Any CPU.Build.0 = Release|Any CPU
		{26E9CE92-1CE8-480E-9622-8F0A1C0FB186}.Debug|Any CPU.ActiveCfg = Debug|Any CPU
		{26E9CE92-1CE8-480E-9622-8F0A1C0FB186}.Debug|Any CPU.Build.0 = Debug|Any CPU
		{26E9CE92-1CE8-480E-9622-8F0A1C0FB186}.Release|Any CPU.ActiveCfg = Release|Any CPU
		{26E9CE92-1CE8-480E-9622-8F0A1C0FB186}.Release|Any CPU.Build.0 = Release|Any CPU
	EndGlobalSection
	GlobalSection(SolutionProperties) = preSolution
		HideSolutionNode = FALSE
	EndGlobalSection
	GlobalSection(ExtensibilityGlobals) = postSolution
		SolutionGuid = {A5766E15-0E80-46D2-A878-B578BB0AE03A}
	EndGlobalSection
EndGlobal
